
Microsoft Visual Studio Solution File, Format Version 12.00
Project("{FAE04EC0-301F-11D3-BF4B-00C04F79EFBC}") = "GradesApp.Domain", "GradesApp.Domain\GradesApp.Domain.csproj", "{A1AEAE67-C2A6-48E6-96DA-A777D66A675B}"
EndProject
Project("{FAE04EC0-301F-11D3-BF4B-00C04F79EFBC}") = "GradesApp.API", "GradesApp.API\GradesApp.API.csproj", "{FE3B2303-CC22-4EDE-B0E5-446C0659CC5E}"
EndProject
Project("{2150E333-8FDC-42A3-9474-1A3956D46DE8}") = "src", "src", "{54995117-2EBB-43B7-A2EF-F3E160DD6581}"
EndProject
Project("{FAE04EC0-301F-11D3-BF4B-00C04F79EFBC}") = "GradesApp.Infrastructure", "GradesApp.Infrastructure\GradesApp.Infrastructure.csproj", "{C2B8BDF0-AEB8-417A-BD65-9B258414A0EB}"
EndProject
Project("{FAE04EC0-301F-11D3-BF4B-00C04F79EFBC}") = "GradesApp.Application", "GradesApp.Application\GradesApp.Application.csproj", "{E90F35EF-D663-442C-A1E8-D1B4AFE0D5DC}"
EndProject
Project("{FAE04EC0-301F-11D3-BF4B-00C04F79EFBC}") = "GradesApp.Common", "GradesApp.Common\GradesApp.Common.csproj", "{0E50A0A7-1137-4250-86F9-52B208B62703}"
EndProject
Global
	GlobalSection(SolutionConfigurationPlatforms) = preSolution
		Debug|Any CPU = Debug|Any CPU
		Release|Any CPU = Release|Any CPU
	EndGlobalSection
	GlobalSection(ProjectConfigurationPlatforms) = postSolution
		{A1AEAE67-C2A6-48E6-96DA-A777D66A675B}.Debug|Any CPU.ActiveCfg = Debug|Any CPU
		{A1AEAE67-C2A6-48E6-96DA-A777D66A675B}.Debug|Any CPU.Build.0 = Debug|Any CPU
		{A1AEAE67-C2A6-48E6-96DA-A777D66A675B}.Release|Any CPU.ActiveCfg = Release|Any CPU
		{A1AEAE67-C2A6-48E6-96DA-A777D66A675B}.Release|Any CPU.Build.0 = Release|Any CPU
		{FE3B2303-CC22-4EDE-B0E5-446C0659CC5E}.Debug|Any CPU.ActiveCfg = Debug|Any CPU
		{FE3B2303-CC22-4EDE-B0E5-446C0659CC5E}.Debug|Any CPU.Build.0 = Debug|Any CPU
		{FE3B2303-CC22-4EDE-B0E5-446C0659CC5E}.Release|Any CPU.ActiveCfg = Release|Any CPU
		{FE3B2303-CC22-4EDE-B0E5-446C0659CC5E}.Release|Any CPU.Build.0 = Release|Any CPU
		{C2B8BDF0-AEB8-417A-BD65-9B258414A0EB}.Debug|Any CPU.ActiveCfg = Debug|Any CPU
		{C2B8BDF0-AEB8-417A-BD65-9B258414A0EB}.Debug|Any CPU.Build.0 = Debug|Any CPU
		{C2B8BDF0-AEB8-417A-BD65-9B258414A0EB}.Release|Any CPU.ActiveCfg = Release|Any CPU
		{C2B8BDF0-AEB8-417A-BD65-9B258414A0EB}.Release|Any CPU.Build.0 = Release|Any CPU
		{E90F35EF-D663-442C-A1E8-D1B4AFE0D5DC}.Debug|Any CPU.ActiveCfg = Debug|Any CPU
		{E90F35EF-D663-442C-A1E8-D1B4AFE0D5DC}.Debug|Any CPU.Build.0 = Debug|Any CPU
		{E90F35EF-D663-442C-A1E8-D1B4AFE0D5DC}.Release|Any CPU.ActiveCfg = Release|Any CPU
		{E90F35EF-D663-442C-A1E8-D1B4AFE0D5DC}.Release|Any CPU.Build.0 = Release|Any CPU
		{0E50A0A7-1137-4250-86F9-52B208B62703}.Debug|Any CPU.ActiveCfg = Debug|Any CPU
		{0E50A0A7-1137-4250-86F9-52B208B62703}.Debug|Any CPU.Build.0 = Debug|Any CPU
		{0E50A0A7-1137-4250-86F9-52B208B62703}.Release|Any CPU.ActiveCfg = Release|Any CPU
		{0E50A0A7-1137-4250-86F9-52B208B62703}.Release|Any CPU.Build.0 = Release|Any CPU
	EndGlobalSection
	GlobalSection(NestedProjects) = preSolution
		{FE3B2303-CC22-4EDE-B0E5-446C0659CC5E} = {54995117-2EBB-43B7-A2EF-F3E160DD6581}
		{A1AEAE67-C2A6-48E6-96DA-A777D66A675B} = {54995117-2EBB-43B7-A2EF-F3E160DD6581}
		{C2B8BDF0-AEB8-417A-BD65-9B258414A0EB} = {54995117-2EBB-43B7-A2EF-F3E160DD6581}
		{E90F35EF-D663-442C-A1E8-D1B4AFE0D5DC} = {54995117-2EBB-43B7-A2EF-F3E160DD6581}
		{0E50A0A7-1137-4250-86F9-52B208B62703} = {54995117-2EBB-43B7-A2EF-F3E160DD6581}
	EndGlobalSection
EndGlobal
